
Microsoft Visual Studio Solution File, Format Version 12.00
# Visual Studio Version 16
VisualStudioVersion = 16.0.31129.286
MinimumVisualStudioVersion = 10.0.40219.1
Project("{FAE04EC0-301F-11D3-BF4B-00C04F79EFBC}") = "SporSalonu", "SporSalonu.csproj", "{DB467638-D315-4913-A477-E7259BB21C59}"
EndProject
Global
	GlobalSection(SolutionConfigurationPlatforms) = preSolution
		Debug|Any CPU = Debug|Any CPU
		Release|Any CPU = Release|Any CPU
	EndGlobalSection
	GlobalSection(ProjectConfigurationPlatforms) = postSolution
		{DB467638-D315-4913-A477-E7259BB21C59}.Debug|Any CPU.ActiveCfg = Debug|Any CPU
		{DB467638-D315-4913-A477-E7259BB21C59}.Debug|Any CPU.Build.0 = Debug|Any CPU
		{DB467638-D315-4913-A477-E7259BB21C59}.Release|Any CPU.ActiveCfg = Release|Any CPU
		{DB467638-D315-4913-A477-E7259BB21C59}.Release|Any CPU.Build.0 = Release|Any CPU
	EndGlobalSection
	GlobalSection(SolutionProperties) = preSolution
		HideSolutionNode = FALSE
	EndGlobalSection
	GlobalSection(ExtensibilityGlobals) = postSolution
		SolutionGuid = {578E59F9-596C-44F0-BD8A-B50DE08C59F0}
	EndGlobalSection
EndGlobal
